
Microsoft Visual Studio Solution File, Format Version 12.00
# Visual Studio Version 17
VisualStudioVersion = 17.11.35222.181
MinimumVisualStudioVersion = 10.0.40219.1
Project("{FAE04EC0-301F-11D3-BF4B-00C04F79EFBC}") = "ConsoleApp6", "ConsoleApp6\ConsoleApp6.csproj", "{4FDD22B9-7A41-4669-A2F7-3F771529049D}"
EndProject
Global
	GlobalSection(SolutionConfigurationPlatforms) = preSolution
		Debug|Any CPU = Debug|Any CPU
		Release|Any CPU = Release|Any CPU
	EndGlobalSection
	GlobalSection(ProjectConfigurationPlatforms) = postSolution
		{4FDD22B9-7A41-4669-A2F7-3F771529049D}.Debug|Any CPU.ActiveCfg = Debug|Any CPU
		{4FDD22B9-7A41-4669-A2F7-3F771529049D}.Debug|Any CPU.Build.0 = Debug|Any CPU
		{4FDD22B9-7A41-4669-A2F7-3F771529049D}.Release|Any CPU.ActiveCfg = Release|Any CPU
		{4FDD22B9-7A41-4669-A2F7-3F771529049D}.Release|Any CPU.Build.0 = Release|Any CPU
	EndGlobalSection
	GlobalSection(SolutionProperties) = preSolution
		HideSolutionNode = FALSE
	EndGlobalSection
	GlobalSection(ExtensibilityGlobals) = postSolution
		SolutionGuid = {4930A7F6-4421-42BA-8F4F-82B4B9183727}
	EndGlobalSection
EndGlobal
