
Microsoft Visual Studio Solution File, Format Version 12.00
# Visual Studio Version 17
VisualStudioVersion = 17.11.35222.181
MinimumVisualStudioVersion = 10.0.40219.1
Project("{FAE04EC0-301F-11D3-BF4B-00C04F79EFBC}") = "Shaxov_Yakshin_3", "Shaxov_Yakshin_3\Shaxov_Yakshin_3.csproj", "{BBA028C7-B99F-45B9-9B2F-1B41575A1FC9}"
EndProject
Global
	GlobalSection(SolutionConfigurationPlatforms) = preSolution
		Debug|Any CPU = Debug|Any CPU
		Release|Any CPU = Release|Any CPU
	EndGlobalSection
	GlobalSection(ProjectConfigurationPlatforms) = postSolution
		{BBA028C7-B99F-45B9-9B2F-1B41575A1FC9}.Debug|Any CPU.ActiveCfg = Debug|Any CPU
		{BBA028C7-B99F-45B9-9B2F-1B41575A1FC9}.Debug|Any CPU.Build.0 = Debug|Any CPU
		{BBA028C7-B99F-45B9-9B2F-1B41575A1FC9}.Release|Any CPU.ActiveCfg = Release|Any CPU
		{BBA028C7-B99F-45B9-9B2F-1B41575A1FC9}.Release|Any CPU.Build.0 = Release|Any CPU
	EndGlobalSection
	GlobalSection(SolutionProperties) = preSolution
		HideSolutionNode = FALSE
	EndGlobalSection
	GlobalSection(ExtensibilityGlobals) = postSolution
		SolutionGuid = {11321332-4627-4DDC-AB4F-3AE0EA38C4D1}
	EndGlobalSection
EndGlobal
